<?xml version="1.0" encoding="utf-8"?>
<Project ToolsVersion="4.0" xmlns="http://schemas.microsoft.com/developer/msbuild/2003">
  <ItemGroup>
    <Filter Include="musashi">
      <UniqueIdentifier>{DF368FE3-4B16-0E7F-542E-9955C08C74E0}</UniqueIdentifier>
    </Filter>
  </ItemGroup>
  <ItemGroup>
    <ClInclude Include="src\Musashi.h" />
    <ClInclude Include="src\musashi\Application.h">
      <Filter>musashi</Filter>
    </ClInclude>
    <ClInclude Include="src\musashi\Core.h">
      <Filter>musashi</Filter>
    </ClInclude>
    <ClInclude Include="src\musashi\EntryPoint.h">
      <Filter>musashi</Filter>
    </ClInclude>
    <ClInclude Include="src\musashi\Log.h">
      <Filter>musashi</Filter>
    </ClInclude>
  </ItemGroup>
  <ItemGroup>
    <ClCompile Include="src\musashi\Application.cpp">
      <Filter>musashi</Filter>
    </ClCompile>
    <ClCompile Include="src\musashi\Log.cpp">
      <Filter>musashi</Filter>
    </ClCompile>
  </ItemGroup>
</Project>