<?xml version="1.0" encoding="utf-8"?>
<Project ToolsVersion="4.0" xmlns="http://schemas.microsoft.com/developer/msbuild/2003">
  <ItemGroup>
    <Filter Include="Platform">
      <UniqueIdentifier>{2AC788B4-1694-E3BF-3FAD-D1672BD9184E}</UniqueIdentifier>
    </Filter>
    <Filter Include="Platform\OpenGL">
      <UniqueIdentifier>{1E7D2C1D-8A08-9AE1-9319-1DD6FF23F6E1}</UniqueIdentifier>
    </Filter>
    <Filter Include="Platform\Windows">
      <UniqueIdentifier>{64FBD71A-50F4-F66C-7926-DCF1657ED678}</UniqueIdentifier>
    </Filter>
    <Filter Include="musashi">
      <UniqueIdentifier>{DF368FE3-4B16-0E7F-542E-9955C08C74E0}</UniqueIdentifier>
    </Filter>
    <Filter Include="musashi\Events">
      <UniqueIdentifier>{E39164E8-CF5F-58EE-B8F3-C814A4603453}</UniqueIdentifier>
    </Filter>
    <Filter Include="musashi\ImGui">
      <UniqueIdentifier>{4917A35C-B5D7-1E93-7E12-6810EA91636F}</UniqueIdentifier>
    </Filter>
  </ItemGroup>
  <ItemGroup>
    <ClInclude Include="src\Musashi.h" />
    <ClInclude Include="src\Platform\OpenGL\imgui_impl_glfw.h">
      <Filter>Platform\OpenGL</Filter>
    </ClInclude>
    <ClInclude Include="src\Platform\OpenGL\imgui_opengl_renderer.h">
      <Filter>Platform\OpenGL</Filter>
    </ClInclude>
    <ClInclude Include="src\Platform\Windows\WindowsInput.h">
      <Filter>Platform\Windows</Filter>
    </ClInclude>
    <ClInclude Include="src\Platform\Windows\WindowsWindow.h">
      <Filter>Platform\Windows</Filter>
    </ClInclude>
    <ClInclude Include="src\msshi_pch.h" />
    <ClInclude Include="src\musashi\Application.h">
      <Filter>musashi</Filter>
    </ClInclude>
    <ClInclude Include="src\musashi\Core.h">
      <Filter>musashi</Filter>
    </ClInclude>
    <ClInclude Include="src\musashi\EntryPoint.h">
      <Filter>musashi</Filter>
    </ClInclude>
    <ClInclude Include="src\musashi\Events\ApplicationEvent.h">
      <Filter>musashi\Events</Filter>
    </ClInclude>
    <ClInclude Include="src\musashi\Events\Event.h">
      <Filter>musashi\Events</Filter>
    </ClInclude>
    <ClInclude Include="src\musashi\Events\KeyEvent.h">
      <Filter>musashi\Events</Filter>
    </ClInclude>
    <ClInclude Include="src\musashi\Events\MouseEvent.h">
      <Filter>musashi\Events</Filter>
    </ClInclude>
    <ClInclude Include="src\musashi\ImGui\ImGuiLayer.h">
      <Filter>musashi\ImGui</Filter>
    </ClInclude>
    <ClInclude Include="src\musashi\Input.h">
      <Filter>musashi</Filter>
    </ClInclude>
    <ClInclude Include="src\musashi\Layer.h">
      <Filter>musashi</Filter>
    </ClInclude>
    <ClInclude Include="src\musashi\LayerStack.h">
      <Filter>musashi</Filter>
    </ClInclude>
    <ClInclude Include="src\musashi\Log.h">
      <Filter>musashi</Filter>
    </ClInclude>
    <ClInclude Include="src\musashi\Window.h">
      <Filter>musashi</Filter>
    </ClInclude>
  </ItemGroup>
  <ItemGroup>
    <ClCompile Include="src\Platform\OpenGL\imgui_impl_glfw.cpp">
      <Filter>Platform\OpenGL</Filter>
    </ClCompile>
    <ClCompile Include="src\Platform\OpenGL\imgui_opengl_renderer.cpp">
      <Filter>Platform\OpenGL</Filter>
    </ClCompile>
    <ClCompile Include="src\Platform\Windows\WindowsInput.cpp">
      <Filter>Platform\Windows</Filter>
    </ClCompile>
    <ClCompile Include="src\Platform\Windows\WindowsWindow.cpp">
      <Filter>Platform\Windows</Filter>
    </ClCompile>
    <ClCompile Include="src\msshi_pch.cpp" />
    <ClCompile Include="src\musashi\Application.cpp">
      <Filter>musashi</Filter>
    </ClCompile>
    <ClCompile Include="src\musashi\ImGui\ImGuiLayer.cpp">
      <Filter>musashi\ImGui</Filter>
    </ClCompile>
    <ClCompile Include="src\musashi\Layer.cpp">
      <Filter>musashi</Filter>
    </ClCompile>
    <ClCompile Include="src\musashi\LayerStack.cpp">
      <Filter>musashi</Filter>
    </ClCompile>
    <ClCompile Include="src\musashi\Log.cpp">
      <Filter>musashi</Filter>
    </ClCompile>
  </ItemGroup>
</Project>