
Microsoft Visual Studio Solution File, Format Version 12.00
# Visual Studio Version 17
VisualStudioVersion = 17.14.36518.9
MinimumVisualStudioVersion = 10.0.40219.1
Project("{8BC9CEB8-8B4A-11D0-8D11-00A0C91BC942}") = "Sandbox", "Sandbox\Sandbox.vcxproj", "{BE605AA5-D2E7-492A-9C4F-3D216EE686BE}"
EndProject
Project("{8BC9CEB8-8B4A-11D0-8D11-00A0C91BC942}") = "musashi", "musashi\musashi.vcxproj", "{A4CFF071-DFC6-44D3-B8FF-F5F7EB9DAAB1}"
EndProject
Global
	GlobalSection(SolutionConfigurationPlatforms) = preSolution
		Debug|x64 = Debug|x64
		Release|x64 = Release|x64
	EndGlobalSection
	GlobalSection(ProjectConfigurationPlatforms) = postSolution
		{BE605AA5-D2E7-492A-9C4F-3D216EE686BE}.Debug|x64.ActiveCfg = Debug|x64
		{BE605AA5-D2E7-492A-9C4F-3D216EE686BE}.Debug|x64.Build.0 = Debug|x64
		{BE605AA5-D2E7-492A-9C4F-3D216EE686BE}.Release|x64.ActiveCfg = Release|x64
		{BE605AA5-D2E7-492A-9C4F-3D216EE686BE}.Release|x64.Build.0 = Release|x64
		{A4CFF071-DFC6-44D3-B8FF-F5F7EB9DAAB1}.Debug|x64.ActiveCfg = Debug|x64
		{A4CFF071-DFC6-44D3-B8FF-F5F7EB9DAAB1}.Debug|x64.Build.0 = Debug|x64
		{A4CFF071-DFC6-44D3-B8FF-F5F7EB9DAAB1}.Release|x64.ActiveCfg = Release|x64
		{A4CFF071-DFC6-44D3-B8FF-F5F7EB9DAAB1}.Release|x64.Build.0 = Release|x64
	EndGlobalSection
	GlobalSection(SolutionProperties) = preSolution
		HideSolutionNode = FALSE
	EndGlobalSection
	GlobalSection(ExtensibilityGlobals) = postSolution
		SolutionGuid = {C8AD8741-4194-46F0-820B-A537A5FA19E0}
	EndGlobalSection
EndGlobal
